PODS:
  - Differentiator (3.0.2)
  - EmptyDataSet-Swift (4.0.5)
  - Nimble (7.1.2)
  - Quick (1.3.0)
  - R.swift (4.0.0):
    - R.swift.Library (~> 4.0.0)
  - R.swift.Library (4.0.0)
  - Realm (3.7.4):
    - Realm/Headers (= 3.7.4)
  - Realm/Headers (3.7.4)
  - RealmSwift (3.7.4):
    - Realm (= 3.7.4)
  - RxBlocking (4.2.0):
    - RxSwift (~> 4.0)
  - RxCocoa (4.2.0):
    - RxSwift (~> 4.0)
  - RxDataSources (3.0.2):
    - Differentiator (~> 3.0)
    - RxCocoa (~> 4.0)
    - RxSwift (~> 4.0)
  - RxSwift (4.2.0)
  - RxTest (4.2.0):
    - RxSwift (~> 4.0)
  - SnapKit (4.0.0)
  - SwiftLint (0.25.1)
  - Swinject (2.4.1)

DEPENDENCIES:
  - EmptyDataSet-Swift (~> 4.0.4)
  - Nimble (~> 7.0)
  - Quick (~> 1.2)
  - R.swift (~> 4.0)
  - RealmSwift (~> 3.2)
  - RxBlocking (~> 4.0)
  - RxCocoa (~> 4.0)
  - RxDataSources (~> 3.0)
  - RxSwift (~> 4.0)
  - RxTest (~> 4.0)
  - SnapKit (~> 4.0)
  - SwiftLint (~> 0.25.1)
  - Swinject (~> 2.0)

SPEC REPOS:
  https://github.com/cocoapods/specs.git:
    - Differentiator
    - EmptyDataSet-Swift
    - Nimble
    - Quick
    - R.swift
    - R.swift.Library
    - Realm
    - RealmSwift
    - RxBlocking
    - RxCocoa
    - RxDataSources
    - RxSwift
    - RxTest
    - SnapKit
    - SwiftLint
    - Swinject

SPEC CHECKSUMS:
  Differentiator: a87be69eba49ec4ab460c7671143ee3a9eececfd
  EmptyDataSet-Swift: a25810f50c3adfaa3840aa33ae8b5ba12ac29279
  Nimble: 3835ba9f459daa6b347f8a8e110aaae8ca1920a8
  Quick: 03278013f71aa05fe9ecabc94fbcc6835f1ee76f
  R.swift: d6a5ec2f55a8441dc0ed9f1f8b37d7d11ae85c66
  R.swift.Library: c3af34921024333546e23b70e70d0b4e0cffca75
  Realm: a469bb59e33f9926102ccaea4349822c53b9117e
  RealmSwift: a45861b21c180f5cf0f122144b9759fa8dde3e9e
  RxBlocking: e339d8a6e752e25ade95ff858466c55436668f59
  RxCocoa: 0b54909c902e1e581212a03e690bbd94032d8baa
  RxDataSources: cb7c31e652a87ebb919da45f716bbb87b3765f6b
  RxSwift: 99e10317ddfcc7fbe01356aafd118fde4a0be104
  RxTest: 8da864c0ee47534f586ff18fb0c7e5b2f1fe5023
  SnapKit: a42d492c16e80209130a3379f73596c3454b7694
  SwiftLint: ce933681be10c3266e82576dad676fa815a602e9
  Swinject: f7f15a9672e99328c1f07f277091087917215700

PODFILE CHECKSUM: 80e6934fe63cd4c7087a0a9548973d593e06d3eb

COCOAPODS: 1.5.3
